
Microsoft Visual Studio Solution File, Format Version 12.00
# Visual Studio Version 17
VisualStudioVersion = 17.12.35707.178
MinimumVisualStudioVersion = 10.0.40219.1
Project("{2150E333-8FDC-42A3-9474-1A3956D46DE8}") = "src", "src", "{99710995-A96D-4B2D-9C56-56F28D4B9E20}"
EndProject
Project("{2150E333-8FDC-42A3-9474-1A3956D46DE8}") = "tests", "tests", "{A529BF21-EA91-4EBD-8963-DE5D2042D940}"
EndProject
Project("{2150E333-8FDC-42A3-9474-1A3956D46DE8}") = "back-end", "back-end", "{C811EE8E-BFBC-46D7-B22D-4E6FF34B89E1}"
EndProject
Project("{2150E333-8FDC-42A3-9474-1A3956D46DE8}") = "shared", "shared", "{A4907519-1940-4F7F-ACB8-EA42AED5E508}"
EndProject
Project("{FAE04EC0-301F-11D3-BF4B-00C04F79EFBC}") = "ChatBot.API", "src\back-end\ChatBot.API\ChatBot.API.csproj", "{FE421BBC-03F1-4E2A-8F4F-99377DC49735}"
EndProject
Project("{FAE04EC0-301F-11D3-BF4B-00C04F79EFBC}") = "ChatBot.Application", "src\back-end\ChatBot.Application\ChatBot.Application.csproj", "{3F56A108-4FC0-4FB3-9C80-85225DCB105D}"
EndProject
Project("{FAE04EC0-301F-11D3-BF4B-00C04F79EFBC}") = "ChatBot.Domain", "src\back-end\ChatBot.Domain\ChatBot.Domain.csproj", "{F972A89D-6116-4F8A-AE3D-60F6362633C2}"
EndProject
Project("{FAE04EC0-301F-11D3-BF4B-00C04F79EFBC}") = "ChatBot.Infrastructure", "src\back-end\ChatBot.Infrastructure\ChatBot.Infrastructure.csproj", "{81D103DE-553B-42FC-AD9F-44FB5B664F1F}"
EndProject
Project("{FAE04EC0-301F-11D3-BF4B-00C04F79EFBC}") = "ChatBot.Kernel", "src\shared\ChatBot.Kernel\ChatBot.Kernel.csproj", "{1BC18F8C-E85D-459F-95FC-E3785E7F42DD}"
EndProject
Project("{FAE04EC0-301F-11D3-BF4B-00C04F79EFBC}") = "ChatBot.Exceptions", "ChatBot.Exceptions\ChatBot.Exceptions.csproj", "{17A0EB5E-FDFB-4A1D-A3F7-B9FCD90124C8}"
EndProject
Project("{FAE04EC0-301F-11D3-BF4B-00C04F79EFBC}") = "ChatBot.Notification", "ChatBot.Notification\ChatBot.Notification.csproj", "{74D135EC-2500-41B8-B9A4-2E1006DE45AC}"
EndProject
Project("{FAE04EC0-301F-11D3-BF4B-00C04F79EFBC}") = "ChatBot.Results", "src\shared\ChatBot.Results\ChatBot.Results.csproj", "{D8B41615-9DD1-43B5-BE46-DE32A18E28AD}"
EndProject
Project("{FAE04EC0-301F-11D3-BF4B-00C04F79EFBC}") = "ChatBot.Extensions", "ChatBot.Extensions\ChatBot.Extensions.csproj", "{1B5A06F0-D099-4F89-86C4-D7F62740E78E}"
EndProject
Project("{FAE04EC0-301F-11D3-BF4B-00C04F79EFBC}") = "ChatBot.Utils", "src\shared\ChatBot.Utils\ChatBot.Utils.csproj", "{A76013CC-A65B-4C2A-9717-CEDD9553D4A5}"
EndProject
Global
	GlobalSection(SolutionConfigurationPlatforms) = preSolution
		Debug|Any CPU = Debug|Any CPU
		Release|Any CPU = Release|Any CPU
	EndGlobalSection
	GlobalSection(ProjectConfigurationPlatforms) = postSolution
		{FE421BBC-03F1-4E2A-8F4F-99377DC49735}.Debug|Any CPU.ActiveCfg = Debug|Any CPU
		{FE421BBC-03F1-4E2A-8F4F-99377DC49735}.Debug|Any CPU.Build.0 = Debug|Any CPU
		{FE421BBC-03F1-4E2A-8F4F-99377DC49735}.Release|Any CPU.ActiveCfg = Release|Any CPU
		{FE421BBC-03F1-4E2A-8F4F-99377DC49735}.Release|Any CPU.Build.0 = Release|Any CPU
		{3F56A108-4FC0-4FB3-9C80-85225DCB105D}.Debug|Any CPU.ActiveCfg = Debug|Any CPU
		{3F56A108-4FC0-4FB3-9C80-85225DCB105D}.Debug|Any CPU.Build.0 = Debug|Any CPU
		{3F56A108-4FC0-4FB3-9C80-85225DCB105D}.Release|Any CPU.ActiveCfg = Release|Any CPU
		{3F56A108-4FC0-4FB3-9C80-85225DCB105D}.Release|Any CPU.Build.0 = Release|Any CPU
		{F972A89D-6116-4F8A-AE3D-60F6362633C2}.Debug|Any CPU.ActiveCfg = Debug|Any CPU
		{F972A89D-6116-4F8A-AE3D-60F6362633C2}.Debug|Any CPU.Build.0 = Debug|Any CPU
		{F972A89D-6116-4F8A-AE3D-60F6362633C2}.Release|Any CPU.ActiveCfg = Release|Any CPU
		{F972A89D-6116-4F8A-AE3D-60F6362633C2}.Release|Any CPU.Build.0 = Release|Any CPU
		{81D103DE-553B-42FC-AD9F-44FB5B664F1F}.Debug|Any CPU.ActiveCfg = Debug|Any CPU
		{81D103DE-553B-42FC-AD9F-44FB5B664F1F}.Debug|Any CPU.Build.0 = Debug|Any CPU
		{81D103DE-553B-42FC-AD9F-44FB5B664F1F}.Release|Any CPU.ActiveCfg = Release|Any CPU
		{81D103DE-553B-42FC-AD9F-44FB5B664F1F}.Release|Any CPU.Build.0 = Release|Any CPU
		{1BC18F8C-E85D-459F-95FC-E3785E7F42DD}.Debug|Any CPU.ActiveCfg = Debug|Any CPU
		{1BC18F8C-E85D-459F-95FC-E3785E7F42DD}.Debug|Any CPU.Build.0 = Debug|Any CPU
		{1BC18F8C-E85D-459F-95FC-E3785E7F42DD}.Release|Any CPU.ActiveCfg = Release|Any CPU
		{1BC18F8C-E85D-459F-95FC-E3785E7F42DD}.Release|Any CPU.Build.0 = Release|Any CPU
		{17A0EB5E-FDFB-4A1D-A3F7-B9FCD90124C8}.Debug|Any CPU.ActiveCfg = Debug|Any CPU
		{17A0EB5E-FDFB-4A1D-A3F7-B9FCD90124C8}.Debug|Any CPU.Build.0 = Debug|Any CPU
		{17A0EB5E-FDFB-4A1D-A3F7-B9FCD90124C8}.Release|Any CPU.ActiveCfg = Release|Any CPU
		{17A0EB5E-FDFB-4A1D-A3F7-B9FCD90124C8}.Release|Any CPU.Build.0 = Release|Any CPU
		{74D135EC-2500-41B8-B9A4-2E1006DE45AC}.Debug|Any CPU.ActiveCfg = Debug|Any CPU
		{74D135EC-2500-41B8-B9A4-2E1006DE45AC}.Debug|Any CPU.Build.0 = Debug|Any CPU
		{74D135EC-2500-41B8-B9A4-2E1006DE45AC}.Release|Any CPU.ActiveCfg = Release|Any CPU
		{74D135EC-2500-41B8-B9A4-2E1006DE45AC}.Release|Any CPU.Build.0 = Release|Any CPU
		{D8B41615-9DD1-43B5-BE46-DE32A18E28AD}.Debug|Any CPU.ActiveCfg = Debug|Any CPU
		{D8B41615-9DD1-43B5-BE46-DE32A18E28AD}.Debug|Any CPU.Build.0 = Debug|Any CPU
		{D8B41615-9DD1-43B5-BE46-DE32A18E28AD}.Release|Any CPU.ActiveCfg = Release|Any CPU
		{D8B41615-9DD1-43B5-BE46-DE32A18E28AD}.Release|Any CPU.Build.0 = Release|Any CPU
		{1B5A06F0-D099-4F89-86C4-D7F62740E78E}.Debug|Any CPU.ActiveCfg = Debug|Any CPU
		{1B5A06F0-D099-4F89-86C4-D7F62740E78E}.Debug|Any CPU.Build.0 = Debug|Any CPU
		{1B5A06F0-D099-4F89-86C4-D7F62740E78E}.Release|Any CPU.ActiveCfg = Release|Any CPU
		{1B5A06F0-D099-4F89-86C4-D7F62740E78E}.Release|Any CPU.Build.0 = Release|Any CPU
		{A76013CC-A65B-4C2A-9717-CEDD9553D4A5}.Debug|Any CPU.ActiveCfg = Debug|Any CPU
		{A76013CC-A65B-4C2A-9717-CEDD9553D4A5}.Debug|Any CPU.Build.0 = Debug|Any CPU
		{A76013CC-A65B-4C2A-9717-CEDD9553D4A5}.Release|Any CPU.ActiveCfg = Release|Any CPU
		{A76013CC-A65B-4C2A-9717-CEDD9553D4A5}.Release|Any CPU.Build.0 = Release|Any CPU
	EndGlobalSection
	GlobalSection(SolutionProperties) = preSolution
		HideSolutionNode = FALSE
	EndGlobalSection
	GlobalSection(NestedProjects) = preSolution
		{C811EE8E-BFBC-46D7-B22D-4E6FF34B89E1} = {99710995-A96D-4B2D-9C56-56F28D4B9E20}
		{A4907519-1940-4F7F-ACB8-EA42AED5E508} = {99710995-A96D-4B2D-9C56-56F28D4B9E20}
		{FE421BBC-03F1-4E2A-8F4F-99377DC49735} = {C811EE8E-BFBC-46D7-B22D-4E6FF34B89E1}
		{3F56A108-4FC0-4FB3-9C80-85225DCB105D} = {C811EE8E-BFBC-46D7-B22D-4E6FF34B89E1}
		{F972A89D-6116-4F8A-AE3D-60F6362633C2} = {C811EE8E-BFBC-46D7-B22D-4E6FF34B89E1}
		{81D103DE-553B-42FC-AD9F-44FB5B664F1F} = {C811EE8E-BFBC-46D7-B22D-4E6FF34B89E1}
		{1BC18F8C-E85D-459F-95FC-E3785E7F42DD} = {A4907519-1940-4F7F-ACB8-EA42AED5E508}
		{17A0EB5E-FDFB-4A1D-A3F7-B9FCD90124C8} = {A4907519-1940-4F7F-ACB8-EA42AED5E508}
		{74D135EC-2500-41B8-B9A4-2E1006DE45AC} = {A4907519-1940-4F7F-ACB8-EA42AED5E508}
		{D8B41615-9DD1-43B5-BE46-DE32A18E28AD} = {A4907519-1940-4F7F-ACB8-EA42AED5E508}
		{1B5A06F0-D099-4F89-86C4-D7F62740E78E} = {A4907519-1940-4F7F-ACB8-EA42AED5E508}
		{A76013CC-A65B-4C2A-9717-CEDD9553D4A5} = {A4907519-1940-4F7F-ACB8-EA42AED5E508}
	EndGlobalSection
EndGlobal
